
Microsoft Visual Studio Solution File, Format Version 12.00
# Visual Studio Version 16
VisualStudioVersion = 16.0.30204.135
MinimumVisualStudioVersion = 10.0.40219.1
Project("{9A19103F-16F7-4668-BE54-9A1E7A4F7556}") = "BlazorMovies.Server", "BlazorMovies\Server\BlazorMovies.Server.csproj", "{4469AAE0-2942-42DC-B3D7-A5BE7659E06F}"
EndProject
Project("{9A19103F-16F7-4668-BE54-9A1E7A4F7556}") = "BlazorMovies.Client", "BlazorMovies\Client\BlazorMovies.Client.csproj", "{89F4294C-E588-4904-A06D-58BEA6109EFC}"
EndProject
Project("{9A19103F-16F7-4668-BE54-9A1E7A4F7556}") = "BlazorMovies.Shared", "BlazorMovies\Shared\BlazorMovies.Shared.csproj", "{8FC420A4-B92F-48E8-95A1-A863916DEBEA}"
EndProject
Global
	GlobalSection(SolutionConfigurationPlatforms) = preSolution
		Debug|Any CPU = Debug|Any CPU
		Release|Any CPU = Release|Any CPU
	EndGlobalSection
	GlobalSection(ProjectConfigurationPlatforms) = postSolution
		{4469AAE0-2942-42DC-B3D7-A5BE7659E06F}.Debug|Any CPU.ActiveCfg = Debug|Any CPU
		{4469AAE0-2942-42DC-B3D7-A5BE7659E06F}.Debug|Any CPU.Build.0 = Debug|Any CPU
		{4469AAE0-2942-42DC-B3D7-A5BE7659E06F}.Release|Any CPU.ActiveCfg = Release|Any CPU
		{4469AAE0-2942-42DC-B3D7-A5BE7659E06F}.Release|Any CPU.Build.0 = Release|Any CPU
		{89F4294C-E588-4904-A06D-58BEA6109EFC}.Debug|Any CPU.ActiveCfg = Debug|Any CPU
		{89F4294C-E588-4904-A06D-58BEA6109EFC}.Debug|Any CPU.Build.0 = Debug|Any CPU
		{89F4294C-E588-4904-A06D-58BEA6109EFC}.Release|Any CPU.ActiveCfg = Release|Any CPU
		{89F4294C-E588-4904-A06D-58BEA6109EFC}.Release|Any CPU.Build.0 = Release|Any CPU
		{8FC420A4-B92F-48E8-95A1-A863916DEBEA}.Debug|Any CPU.ActiveCfg = Debug|Any CPU
		{8FC420A4-B92F-48E8-95A1-A863916DEBEA}.Debug|Any CPU.Build.0 = Debug|Any CPU
		{8FC420A4-B92F-48E8-95A1-A863916DEBEA}.Release|Any CPU.ActiveCfg = Release|Any CPU
		{8FC420A4-B92F-48E8-95A1-A863916DEBEA}.Release|Any CPU.Build.0 = Release|Any CPU
	EndGlobalSection
	GlobalSection(SolutionProperties) = preSolution
		HideSolutionNode = FALSE
	EndGlobalSection
	GlobalSection(ExtensibilityGlobals) = postSolution
		SolutionGuid = {5DD42E62-6417-4443-AE84-3764835CCB59}
	EndGlobalSection
EndGlobal
